{
    "_readme": [
        "This file locks the dependencies of your project to a known state",
        "Read more about it at https://getcomposer.org/doc/01-basic-usage.md#installing-dependencies",
        "This file is @generated automatically"
    ],
    "content-hash": "f6af8731f9f039e8485863d421435991",
    "packages": [],
    "packages-dev": [
        {
            "name": "bhaktaraz/php-rss-generator",
            "version": "dev-master",
            "source": {
                "type": "git",
                "url": "https://github.com/bhaktaraz/php-rss-generator.git",
                "reference": "53cf11db18d87e65973e6df453fb8c1382e5a3bd"
            },
            "dist": {
                "type": "zip",
                "url": "https://api.github.com/repos/bhaktaraz/php-rss-generator/zipball/53cf11db18d87e65973e6df453fb8c1382e5a3bd",
                "reference": "53cf11db18d87e65973e6df453fb8c1382e5a3bd",
                "shasum": ""
            },
            "require": {
                "php": ">=5.3.0"
            },
            "default-branch": true,
            "type": "library",
            "autoload": {
                "psr-4": {
                    "Bhaktaraz\\RSSGenerator\\": "Source/Bhaktaraz/RSSGenerator/"
                }
            },
            "notification-url": "https://packagist.org/downloads/",
            "license": [
                "MIT"
            ],
            "authors": [
                {
                    "name": "Bhaktaraz Bhatta",
                    "email": "bhattabhakta@gmail.com"
                }
            ],
            "description": "Simple RSS generator library for PHP 5.5 or later.",
            "homepage": "https://github.com/bhaktaraz/php-rss-generator",
            "keywords": [
                "Facebook product feed generator",
                "feed",
                "generator",
                "rss",
                "writer"
            ],
            "support": {
                "issues": "https://github.com/bhaktaraz/php-rss-generator/issues",
                "source": "https://github.com/bhaktaraz/php-rss-generator/tree/master"
            },
            "time": "2021-03-15T10:59:47+00:00"
        }
    ],
    "aliases": [],
    "minimum-stability": "stable",
    "stability-flags": {
        "bhaktaraz/php-rss-generator": 20
    },
    "prefer-stable": false,
    "prefer-lowest": false,
    "platform": [],
    "platform-dev": [],
    "plugin-api-version": "2.0.0"
}
